agent = []

[metadata]
lock_version = 1
declaration_hash_version = 1
declaration_hash = "sha256:c566c33228738106d21d50e6030e1d53012b97d4d12dfd369d27b0815a939bda"
generated_by = "grim 0.14.3"
generated_at = "2026-10-04T15:09:13Z"

[[skill]]
name = "bazel-adopt"
pinned = "ghcr.io/ocx-sh/lore/bazel-adopt@sha256:680625f2d0edc08073da774d6e080ef326ea6abb60dbde7a67a1d80b309f3205"
bundle = "ghcr.io/ocx-sh/lore/bazel-essentials"
bundle_tag = "latest"

[[skill]]
name = "bazel-diagnose"
pinned = "ghcr.io/ocx-sh/lore/bazel-diagnose@sha256:dc164748fdae83cc3dfa9d4f3c85d15149694c4e3220a23cd6bbae91220e0fd7"
bundle = "ghcr.io/ocx-sh/lore/bazel-essentials"
bundle_tag = "latest"

[[skill]]
name = "code-docs-cleanup"
pinned = "ghcr.io/ocx-sh/lore/code-docs-cleanup@sha256:4b312606567dab8769e98fcf9770072bc425e6f2e9d1b71a3638e9c60bcaed18"

[[skill.bundles]]
repo = "ghcr.io/ocx-sh/lore/code-docs-essentials"
tag = "latest"

[[skill.bundles]]
repo = "ghcr.io/ocx-sh/lore/python-essentials"
tag = "latest"

[[skill.bundles]]
repo = "ghcr.io/ocx-sh/lore/rust-essentials"
tag = "latest"

[[skill.bundles]]
repo = "ghcr.io/ocx-sh/lore/typescript-essentials"
tag = "latest"

[[skill]]
name = "docs-instrument"
pinned = "ghcr.io/ocx-sh/lore/docs-instrument@sha256:e6a5459c18f7d8192ec81efc70bc674809edfbdc305d96bc60bf3cb14b3b790d"
bundle = "ghcr.io/ocx-sh/lore/docs-essentials"
bundle_tag = "latest"

[[skill]]
name = "docs-plan"
pinned = "ghcr.io/ocx-sh/lore/docs-plan@sha256:cbff12650842b27b1af5513caf447c516bb33b72735121902b48576fa0840778"
bundle = "ghcr.io/ocx-sh/lore/docs-essentials"
bundle_tag = "latest"

[[skill]]
name = "docs-review"
pinned = "ghcr.io/ocx-sh/lore/docs-review@sha256:6008173170905e2f0e0562a10d840b5120496a7fb99564d985fce6bbeb05ac5f"
bundle = "ghcr.io/ocx-sh/lore/docs-essentials"
bundle_tag = "latest"

[[skill]]
name = "hex-architect"
pinned = "ghcr.io/michael-herwig/arcana/hex-architect@sha256:fe82336b75b7ec77723f95c4280791c166e0a4c5b998c80ec6f5309794ef2bfa"
bundle = "ghcr.io/michael-herwig/arcana/hex"
bundle_tag = "latest"

[[skill]]
name = "hex-core"
pinned = "ghcr.io/michael-herwig/arcana/hex-core@sha256:64bedd5231c6d5c40bdae408861b53224128e2fec8d761d53e67f019b5fb2c39"
bundle = "ghcr.io/michael-herwig/arcana/hex"
bundle_tag = "latest"

[[skill]]
name = "hex-discuss"
pinned = "ghcr.io/michael-herwig/arcana/hex-discuss@sha256:b0e014bb782defe9ef3d3cf24836bd6d37ba06de756cc369cc6a9c4d158584ed"
bundle = "ghcr.io/michael-herwig/arcana/hex"
bundle_tag = "latest"

[[skill]]
name = "hex-execute"
pinned = "ghcr.io/michael-herwig/arcana/hex-execute@sha256:b74c31371e0861a500b15b48b2f80733477ac454b449967d816b19a9ddbe01c2"
bundle = "ghcr.io/michael-herwig/arcana/hex"
bundle_tag = "latest"

[[skill]]
name = "hex-finalize"
pinned = "ghcr.io/michael-herwig/arcana/hex-finalize@sha256:d2522bd7ec97a6dc8775f1bcdc5c7ad1134df5d89732a5d174d0edc82378fb21"
bundle = "ghcr.io/michael-herwig/arcana/hex"
bundle_tag = "latest"

[[skill]]
name = "hex-init"
pinned = "ghcr.io/michael-herwig/arcana/hex-init@sha256:1a5635f72309ae4f19ff141440fe29dca59ef924333182de723474a7a157d46b"
bundle = "ghcr.io/michael-herwig/arcana/hex"
bundle_tag = "latest"

[[skill]]
name = "hex-loop"
pinned = "ghcr.io/michael-herwig/arcana/hex-loop@sha256:59ccc12245adfa8e0f7531ae3edb819acefeda012f8f37b2c8e8df4402b3ff7f"
bundle = "ghcr.io/michael-herwig/arcana/hex"
bundle_tag = "latest"

[[skill]]
name = "hex-plan"
pinned = "ghcr.io/michael-herwig/arcana/hex-plan@sha256:e594ea45774a01d1cf0e7e09822ebde72bab7000dcbdc5ec53652e2a2b839684"
bundle = "ghcr.io/michael-herwig/arcana/hex"
bundle_tag = "latest"

[[skill]]
name = "hex-retro"
pinned = "ghcr.io/michael-herwig/arcana/hex-retro@sha256:963b6d3a969afc311d4283ea11ea6a8c31ef56a20a45f5c5cb14101cc223ae88"
bundle = "ghcr.io/michael-herwig/arcana/hex"
bundle_tag = "latest"

[[skill]]
name = "hex-review"
pinned = "ghcr.io/michael-herwig/arcana/hex-review@sha256:843ba7b434ad2a1d9cc7935b219b79286ce0767c7e1f2d6f95b324bb1acce536"
bundle = "ghcr.io/michael-herwig/arcana/hex"
bundle_tag = "latest"

[[skill]]
name = "nox-review"
pinned = "ghcr.io/michael-herwig/arcana/nox-review@sha256:a74d455996a2b0f1f8fa3e753ff8000fdeab0138ac55db91ab8a6e7751026668"
bundle = "ghcr.io/michael-herwig/arcana/nox"
bundle_tag = "latest"

[[rule]]
name = "bazel-quality"
pinned = "ghcr.io/ocx-sh/lore/bazel-quality@sha256:b1bca9704ca6d4e362f25092d5246f916d9f2c7047152f5c358b51ac24679a3a"
bundle = "ghcr.io/ocx-sh/lore/bazel-essentials"
bundle_tag = "latest"

[[rule]]
name = "code-docs"
pinned = "ghcr.io/ocx-sh/lore/code-docs@sha256:9ee9c2e3c6198cfd5926ab48b793bcbc874ecfe751b434d65c0c5bd22d576141"

[[rule.bundles]]
repo = "ghcr.io/ocx-sh/lore/code-docs-essentials"
tag = "latest"

[[rule.bundles]]
repo = "ghcr.io/ocx-sh/lore/python-essentials"
tag = "latest"

[[rule.bundles]]
repo = "ghcr.io/ocx-sh/lore/rust-essentials"
tag = "latest"

[[rule.bundles]]
repo = "ghcr.io/ocx-sh/lore/typescript-essentials"
tag = "latest"

[[rule]]
name = "docs-quality"
pinned = "ghcr.io/ocx-sh/lore/docs-quality@sha256:d9ab2df9ccff688f98f539ab1f1c3c9cf56fdfefa91b7d190dfca70d0afed09e"
bundle = "ghcr.io/ocx-sh/lore/docs-essentials"
bundle_tag = "latest"

[[rule]]
name = "hex-state"
pinned = "ghcr.io/michael-herwig/arcana/hex-state@sha256:c06128ffd9ea8af07de24f950d351b9fb04358748cc0c3be522be03d8489a52f"
bundle = "ghcr.io/michael-herwig/arcana/hex"
bundle_tag = "latest"

[[rule]]
name = "python-packaging"
pinned = "ghcr.io/ocx-sh/lore/python-packaging@sha256:caa8b2d586442c289ee718117b2a424e02ed8089ea669b444088ef1aa74f6af1"
bundle = "ghcr.io/ocx-sh/lore/python-essentials"
bundle_tag = "latest"

[[rule]]
name = "python-quality"
pinned = "ghcr.io/ocx-sh/lore/python-quality@sha256:02cbac6b635220fbda58b6fed76abcab840969d3d0670c559070e739a29db964"
bundle = "ghcr.io/ocx-sh/lore/python-essentials"
bundle_tag = "latest"

[[rule]]
name = "rust-cargo"
pinned = "ghcr.io/ocx-sh/lore/rust-cargo@sha256:a47a13cae30ed6a96538c89ad4445ba43668638eb2ffdd173b9e6044719a4ff8"
bundle = "ghcr.io/ocx-sh/lore/rust-essentials"
bundle_tag = "latest"

[[rule]]
name = "rust-quality"
pinned = "ghcr.io/ocx-sh/lore/rust-quality@sha256:44ad99505fd8e655f18e1cfaf7aecd6ab1ea99038e4ce815c6ef6006b49e9d2f"
bundle = "ghcr.io/ocx-sh/lore/rust-essentials"
bundle_tag = "latest"

[[rule]]
name = "typescript-packaging"
pinned = "ghcr.io/ocx-sh/lore/typescript-packaging@sha256:07292079463d943fd5be01d40c3c9f7b3fd88c3a3eb308c0fe119e1a354820f2"
bundle = "ghcr.io/ocx-sh/lore/typescript-essentials"
bundle_tag = "latest"

[[rule]]
name = "typescript-quality"
pinned = "ghcr.io/ocx-sh/lore/typescript-quality@sha256:0531d9e5197a2634a3be9c287eadabb17ddb81e06cb049adbb28b970d85c951d"
bundle = "ghcr.io/ocx-sh/lore/typescript-essentials"
bundle_tag = "latest"

[[bundle]]
name = "bazel-essentials"
repo = "ghcr.io/ocx-sh/lore/bazel-essentials"
tag = "latest"
pinned = "ghcr.io/ocx-sh/lore/bazel-essentials@sha256:0db259091751f23de88cffcc4efeca9b81325e72139dba1dc54509eafa163b08"

[[bundle.member]]
kind = "skill"
name = "bazel-adopt"
id = "ghcr.io/ocx-sh/lore/bazel-adopt:latest"

[[bundle.member]]
kind = "skill"
name = "bazel-diagnose"
id = "ghcr.io/ocx-sh/lore/bazel-diagnose:latest"

[[bundle.member]]
kind = "rule"
name = "bazel-quality"
id = "ghcr.io/ocx-sh/lore/bazel-quality:latest"

[[bundle]]
name = "code-docs-essentials"
repo = "ghcr.io/ocx-sh/lore/code-docs-essentials"
tag = "latest"
pinned = "ghcr.io/ocx-sh/lore/code-docs-essentials@sha256:300035d09cfadca25ce5f4c54df877ba86d19f4fdc8be59f2a3979316465e945"

[[bundle.member]]
kind = "skill"
name = "code-docs-cleanup"
id = "ghcr.io/ocx-sh/lore/code-docs-cleanup:latest"

[[bundle.member]]
kind = "rule"
name = "code-docs"
id = "ghcr.io/ocx-sh/lore/code-docs:latest"

[[bundle]]
name = "docs-essentials"
repo = "ghcr.io/ocx-sh/lore/docs-essentials"
tag = "latest"
pinned = "ghcr.io/ocx-sh/lore/docs-essentials@sha256:d8b090ccb9c7871b4fb03b7f1671a9464bf8d0a07e6d1ee8733a25ac79ae9c38"

[[bundle.member]]
kind = "skill"
name = "docs-instrument"
id = "ghcr.io/ocx-sh/lore/docs-instrument:latest"

[[bundle.member]]
kind = "skill"
name = "docs-plan"
id = "ghcr.io/ocx-sh/lore/docs-plan:latest"

[[bundle.member]]
kind = "skill"
name = "docs-review"
id = "ghcr.io/ocx-sh/lore/docs-review:latest"

[[bundle.member]]
kind = "rule"
name = "docs-quality"
id = "ghcr.io/ocx-sh/lore/docs-quality:latest"

[[bundle]]
name = "hex"
repo = "ghcr.io/michael-herwig/arcana/hex"
tag = "latest"
pinned = "ghcr.io/michael-herwig/arcana/hex@sha256:82a89b7441bc2ac09be18b30a6ac8ce935cd554b8885192f9cb4e1005c59944d"

[[bundle.member]]
kind = "skill"
name = "hex-architect"
id = "ghcr.io/michael-herwig/arcana/hex-architect:latest"

[[bundle.member]]
kind = "skill"
name = "hex-core"
id = "ghcr.io/michael-herwig/arcana/hex-core:latest"

[[bundle.member]]
kind = "skill"
name = "hex-discuss"
id = "ghcr.io/michael-herwig/arcana/hex-discuss:latest"

[[bundle.member]]
kind = "skill"
name = "hex-execute"
id = "ghcr.io/michael-herwig/arcana/hex-execute:latest"

[[bundle.member]]
kind = "skill"
name = "hex-finalize"
id = "ghcr.io/michael-herwig/arcana/hex-finalize:latest"

[[bundle.member]]
kind = "skill"
name = "hex-init"
id = "ghcr.io/michael-herwig/arcana/hex-init:latest"

[[bundle.member]]
kind = "skill"
name = "hex-loop"
id = "ghcr.io/michael-herwig/arcana/hex-loop:latest"

[[bundle.member]]
kind = "skill"
name = "hex-plan"
id = "ghcr.io/michael-herwig/arcana/hex-plan:latest"

[[bundle.member]]
kind = "skill"
name = "hex-retro"
id = "ghcr.io/michael-herwig/arcana/hex-retro:latest"

[[bundle.member]]
kind = "skill"
name = "hex-review"
id = "ghcr.io/michael-herwig/arcana/hex-review:latest"

[[bundle.member]]
kind = "rule"
name = "hex-state"
id = "ghcr.io/michael-herwig/arcana/hex-state:latest"

[[bundle]]
name = "nox"
repo = "ghcr.io/michael-herwig/arcana/nox"
tag = "latest"
pinned = "ghcr.io/michael-herwig/arcana/nox@sha256:e3f7b7da5585e76ced77bcd5ab8f8efe390e997763a98eb1eb32d86d7332435b"

[[bundle.member]]
kind = "skill"
name = "nox-review"
id = "ghcr.io/michael-herwig/arcana/nox-review:latest"

[[bundle]]
name = "python-essentials"
repo = "ghcr.io/ocx-sh/lore/python-essentials"
tag = "latest"
pinned = "ghcr.io/ocx-sh/lore/python-essentials@sha256:d24b327100ec8d56b6ffb3c79d95ecbbddd3d630f64c9fae8a07f2074f332f98"

[[bundle.member]]
kind = "skill"
name = "code-docs-cleanup"
id = "ghcr.io/ocx-sh/lore/code-docs-cleanup:latest"

[[bundle.member]]
kind = "rule"
name = "code-docs"
id = "ghcr.io/ocx-sh/lore/code-docs:latest"

[[bundle.member]]
kind = "rule"
name = "python-packaging"
id = "ghcr.io/ocx-sh/lore/python-packaging:latest"

[[bundle.member]]
kind = "rule"
name = "python-quality"
id = "ghcr.io/ocx-sh/lore/python-quality:latest"

[[bundle]]
name = "rust-essentials"
repo = "ghcr.io/ocx-sh/lore/rust-essentials"
tag = "latest"
pinned = "ghcr.io/ocx-sh/lore/rust-essentials@sha256:59e4de7d30af4ab105ab3c4e1652fd2fcee00d6ab942e0090139b3aa134922f5"

[[bundle.member]]
kind = "skill"
name = "code-docs-cleanup"
id = "ghcr.io/ocx-sh/lore/code-docs-cleanup:latest"

[[bundle.member]]
kind = "rule"
name = "code-docs"
id = "ghcr.io/ocx-sh/lore/code-docs:latest"

[[bundle.member]]
kind = "rule"
name = "rust-cargo"
id = "ghcr.io/ocx-sh/lore/rust-cargo:latest"

[[bundle.member]]
kind = "rule"
name = "rust-quality"
id = "ghcr.io/ocx-sh/lore/rust-quality:latest"

[[bundle]]
name = "typescript-essentials"
repo = "ghcr.io/ocx-sh/lore/typescript-essentials"
tag = "latest"
pinned = "ghcr.io/ocx-sh/lore/typescript-essentials@sha256:af27f2ad8b40ca2fa3276e143b1866fd899b719487484a7c2a857f48475ad7b7"

[[bundle.member]]
kind = "skill"
name = "code-docs-cleanup"
id = "ghcr.io/ocx-sh/lore/code-docs-cleanup:latest"

[[bundle.member]]
kind = "rule"
name = "code-docs"
id = "ghcr.io/ocx-sh/lore/code-docs:latest"

[[bundle.member]]
kind = "rule"
name = "typescript-packaging"
id = "ghcr.io/ocx-sh/lore/typescript-packaging:latest"

[[bundle.member]]
kind = "rule"
name = "typescript-quality"
id = "ghcr.io/ocx-sh/lore/typescript-quality:latest"
