agent = []

[metadata]
lock_version = 1
declaration_hash_version = 1
declaration_hash = "sha256:c566c33228738106d21d50e6030e1d53012b97d4d12dfd369d27b0815a939bda"
generated_by = "grim 0.14.2"
generated_at = "2026-09-27T22:32:15Z"

[[skill]]
name = "bazel-adopt"
pinned = "ghcr.io/ocx-sh/lore/bazel-adopt@sha256:680625f2d0edc08073da774d6e080ef326ea6abb60dbde7a67a1d80b309f3205"
bundle = "ghcr.io/ocx-sh/lore/bazel-essentials"
bundle_tag = "latest"

[[skill]]
name = "bazel-diagnose"
pinned = "ghcr.io/ocx-sh/lore/bazel-diagnose@sha256:dc164748fdae83cc3dfa9d4f3c85d15149694c4e3220a23cd6bbae91220e0fd7"
bundle = "ghcr.io/ocx-sh/lore/bazel-essentials"
bundle_tag = "latest"

[[skill]]
name = "code-docs-cleanup"
pinned = "ghcr.io/ocx-sh/lore/code-docs-cleanup@sha256:4b312606567dab8769e98fcf9770072bc425e6f2e9d1b71a3638e9c60bcaed18"

[[skill.bundles]]
repo = "ghcr.io/ocx-sh/lore/code-docs-essentials"
tag = "latest"

[[skill.bundles]]
repo = "ghcr.io/ocx-sh/lore/python-essentials"
tag = "latest"

[[skill.bundles]]
repo = "ghcr.io/ocx-sh/lore/rust-essentials"
tag = "latest"

[[skill.bundles]]
repo = "ghcr.io/ocx-sh/lore/typescript-essentials"
tag = "latest"

[[skill]]
name = "docs-instrument"
pinned = "ghcr.io/ocx-sh/lore/docs-instrument@sha256:e6a5459c18f7d8192ec81efc70bc674809edfbdc305d96bc60bf3cb14b3b790d"
bundle = "ghcr.io/ocx-sh/lore/docs-essentials"
bundle_tag = "latest"

[[skill]]
name = "docs-plan"
pinned = "ghcr.io/ocx-sh/lore/docs-plan@sha256:cbff12650842b27b1af5513caf447c516bb33b72735121902b48576fa0840778"
bundle = "ghcr.io/ocx-sh/lore/docs-essentials"
bundle_tag = "latest"

[[skill]]
name = "docs-review"
pinned = "ghcr.io/ocx-sh/lore/docs-review@sha256:6008173170905e2f0e0562a10d840b5120496a7fb99564d985fce6bbeb05ac5f"
bundle = "ghcr.io/ocx-sh/lore/docs-essentials"
bundle_tag = "latest"

[[skill]]
name = "hex-architect"
pinned = "ghcr.io/michael-herwig/arcana/hex-architect@sha256:3863ee5d4fa1f81552e80bff35478426745b0b6a778868c2fef7870347132120"
bundle = "ghcr.io/michael-herwig/arcana/hex"
bundle_tag = "latest"

[[skill]]
name = "hex-core"
pinned = "ghcr.io/michael-herwig/arcana/hex-core@sha256:3a566087c46123e6bd35e81885df4901148040386bd12ccdd6175b9ce8454863"
bundle = "ghcr.io/michael-herwig/arcana/hex"
bundle_tag = "latest"

[[skill]]
name = "hex-discuss"
pinned = "ghcr.io/michael-herwig/arcana/hex-discuss@sha256:9b9831fe2a5f6ce0056287769a94f4ee2276a1a5785cad6297b73796ecd8a8b0"
bundle = "ghcr.io/michael-herwig/arcana/hex"
bundle_tag = "latest"

[[skill]]
name = "hex-execute"
pinned = "ghcr.io/michael-herwig/arcana/hex-execute@sha256:3fe60f56dec0be1646ab10d76bf222dc51b0ddcf413ba09314e3f80deec21fcd"
bundle = "ghcr.io/michael-herwig/arcana/hex"
bundle_tag = "latest"

[[skill]]
name = "hex-finalize"
pinned = "ghcr.io/michael-herwig/arcana/hex-finalize@sha256:bfa652655daf2fa13fd6ce02b1c69d9aa230920c6b100182283751e4d16e39d8"
bundle = "ghcr.io/michael-herwig/arcana/hex"
bundle_tag = "latest"

[[skill]]
name = "hex-init"
pinned = "ghcr.io/michael-herwig/arcana/hex-init@sha256:a6b80ead357bdddb8e49dfb2262199d89877ecdd6f8f3ef1c3befac6d1f69afb"
bundle = "ghcr.io/michael-herwig/arcana/hex"
bundle_tag = "latest"

[[skill]]
name = "hex-loop"
pinned = "ghcr.io/michael-herwig/arcana/hex-loop@sha256:e3b7b8d87cbf535ae61e46f93067895dc07d081e27189531f2ea547b1b5ea502"
bundle = "ghcr.io/michael-herwig/arcana/hex"
bundle_tag = "latest"

[[skill]]
name = "hex-plan"
pinned = "ghcr.io/michael-herwig/arcana/hex-plan@sha256:1ac257e1ed69ee077b1da175f1a9502e071507ce9a8b103c41750467f9c4214c"
bundle = "ghcr.io/michael-herwig/arcana/hex"
bundle_tag = "latest"

[[skill]]
name = "hex-retro"
pinned = "ghcr.io/michael-herwig/arcana/hex-retro@sha256:0b8ca30ea30b972f9c353d2ac4334281d03920b2f5d2f892cca4615bec92fa08"
bundle = "ghcr.io/michael-herwig/arcana/hex"
bundle_tag = "latest"

[[skill]]
name = "hex-review"
pinned = "ghcr.io/michael-herwig/arcana/hex-review@sha256:508a08f474b28a9a3f7c02c65ab012eeabdfb57cbd4e10f57e8f99b0e8587c1a"
bundle = "ghcr.io/michael-herwig/arcana/hex"
bundle_tag = "latest"

[[skill]]
name = "nox-review"
pinned = "ghcr.io/michael-herwig/arcana/nox-review@sha256:3ae4376c48b5a9d532fef035e02c0de36f487247602b9613386a45cad2afb7d6"
bundle = "ghcr.io/michael-herwig/arcana/nox"
bundle_tag = "latest"

[[rule]]
name = "bazel-quality"
pinned = "ghcr.io/ocx-sh/lore/bazel-quality@sha256:b1bca9704ca6d4e362f25092d5246f916d9f2c7047152f5c358b51ac24679a3a"
bundle = "ghcr.io/ocx-sh/lore/bazel-essentials"
bundle_tag = "latest"

[[rule]]
name = "code-docs"
pinned = "ghcr.io/ocx-sh/lore/code-docs@sha256:179354fe1e02cca7eb0d211838c13840d9410eb9b2d73c3a947f6eb0fee6fc20"

[[rule.bundles]]
repo = "ghcr.io/ocx-sh/lore/code-docs-essentials"
tag = "latest"

[[rule.bundles]]
repo = "ghcr.io/ocx-sh/lore/python-essentials"
tag = "latest"

[[rule.bundles]]
repo = "ghcr.io/ocx-sh/lore/rust-essentials"
tag = "latest"

[[rule.bundles]]
repo = "ghcr.io/ocx-sh/lore/typescript-essentials"
tag = "latest"

[[rule]]
name = "docs-quality"
pinned = "ghcr.io/ocx-sh/lore/docs-quality@sha256:d9ab2df9ccff688f98f539ab1f1c3c9cf56fdfefa91b7d190dfca70d0afed09e"
bundle = "ghcr.io/ocx-sh/lore/docs-essentials"
bundle_tag = "latest"

[[rule]]
name = "hex-state"
pinned = "ghcr.io/michael-herwig/arcana/hex-state@sha256:cfe8ddfa6b23b29211de2f67ab1baa8951fcb2a463894f4899f37259a07caf03"
bundle = "ghcr.io/michael-herwig/arcana/hex"
bundle_tag = "latest"

[[rule]]
name = "python-packaging"
pinned = "ghcr.io/ocx-sh/lore/python-packaging@sha256:83b48110ecdfdc874b6714e7c7ba10deb199f4bf0cdc3169631cb884d842c802"
bundle = "ghcr.io/ocx-sh/lore/python-essentials"
bundle_tag = "latest"

[[rule]]
name = "python-quality"
pinned = "ghcr.io/ocx-sh/lore/python-quality@sha256:81ea86fdb1d8e2cc46b9192f300fc67a21aede449905e5e80c70702d5df4f497"
bundle = "ghcr.io/ocx-sh/lore/python-essentials"
bundle_tag = "latest"

[[rule]]
name = "rust-cargo"
pinned = "ghcr.io/ocx-sh/lore/rust-cargo@sha256:92d04c3338fa8e7e474eeddf02038c88fa82e44d1ec8fd1095221ae52fddc4ac"
bundle = "ghcr.io/ocx-sh/lore/rust-essentials"
bundle_tag = "latest"

[[rule]]
name = "rust-quality"
pinned = "ghcr.io/ocx-sh/lore/rust-quality@sha256:44ad99505fd8e655f18e1cfaf7aecd6ab1ea99038e4ce815c6ef6006b49e9d2f"
bundle = "ghcr.io/ocx-sh/lore/rust-essentials"
bundle_tag = "latest"

[[rule]]
name = "typescript-packaging"
pinned = "ghcr.io/ocx-sh/lore/typescript-packaging@sha256:aea500feedc681d161c96daf504d7e68638733e473dd0b8778ac72832190c503"
bundle = "ghcr.io/ocx-sh/lore/typescript-essentials"
bundle_tag = "latest"

[[rule]]
name = "typescript-quality"
pinned = "ghcr.io/ocx-sh/lore/typescript-quality@sha256:f76456817459ba29060c8cc5d62449b1c7a9a47ae65f44938f8f7788950a26c3"
bundle = "ghcr.io/ocx-sh/lore/typescript-essentials"
bundle_tag = "latest"

[[bundle]]
name = "bazel-essentials"
repo = "ghcr.io/ocx-sh/lore/bazel-essentials"
tag = "latest"
pinned = "ghcr.io/ocx-sh/lore/bazel-essentials@sha256:0db259091751f23de88cffcc4efeca9b81325e72139dba1dc54509eafa163b08"

[[bundle.member]]
kind = "skill"
name = "bazel-adopt"
id = "ghcr.io/ocx-sh/lore/bazel-adopt:latest"

[[bundle.member]]
kind = "skill"
name = "bazel-diagnose"
id = "ghcr.io/ocx-sh/lore/bazel-diagnose:latest"

[[bundle.member]]
kind = "rule"
name = "bazel-quality"
id = "ghcr.io/ocx-sh/lore/bazel-quality:latest"

[[bundle]]
name = "code-docs-essentials"
repo = "ghcr.io/ocx-sh/lore/code-docs-essentials"
tag = "latest"
pinned = "ghcr.io/ocx-sh/lore/code-docs-essentials@sha256:6451c0575d0722c6970983478641fd16bd06ea68e7e304a0aac60fc65b8726a2"

[[bundle.member]]
kind = "skill"
name = "code-docs-cleanup"
id = "ghcr.io/ocx-sh/lore/code-docs-cleanup:latest"

[[bundle.member]]
kind = "rule"
name = "code-docs"
id = "ghcr.io/ocx-sh/lore/code-docs:latest"

[[bundle]]
name = "docs-essentials"
repo = "ghcr.io/ocx-sh/lore/docs-essentials"
tag = "latest"
pinned = "ghcr.io/ocx-sh/lore/docs-essentials@sha256:d8b090ccb9c7871b4fb03b7f1671a9464bf8d0a07e6d1ee8733a25ac79ae9c38"

[[bundle.member]]
kind = "skill"
name = "docs-instrument"
id = "ghcr.io/ocx-sh/lore/docs-instrument:latest"

[[bundle.member]]
kind = "skill"
name = "docs-plan"
id = "ghcr.io/ocx-sh/lore/docs-plan:latest"

[[bundle.member]]
kind = "skill"
name = "docs-review"
id = "ghcr.io/ocx-sh/lore/docs-review:latest"

[[bundle.member]]
kind = "rule"
name = "docs-quality"
id = "ghcr.io/ocx-sh/lore/docs-quality:latest"

[[bundle]]
name = "hex"
repo = "ghcr.io/michael-herwig/arcana/hex"
tag = "latest"
pinned = "ghcr.io/michael-herwig/arcana/hex@sha256:f2a3e37397af11cd398c8b07c75f09b42ff60c42cce4f1ad40f57ee4b9c48cf5"

[[bundle.member]]
kind = "skill"
name = "hex-architect"
id = "ghcr.io/michael-herwig/arcana/hex-architect:latest"

[[bundle.member]]
kind = "skill"
name = "hex-core"
id = "ghcr.io/michael-herwig/arcana/hex-core:latest"

[[bundle.member]]
kind = "skill"
name = "hex-discuss"
id = "ghcr.io/michael-herwig/arcana/hex-discuss:latest"

[[bundle.member]]
kind = "skill"
name = "hex-execute"
id = "ghcr.io/michael-herwig/arcana/hex-execute:latest"

[[bundle.member]]
kind = "skill"
name = "hex-finalize"
id = "ghcr.io/michael-herwig/arcana/hex-finalize:latest"

[[bundle.member]]
kind = "skill"
name = "hex-init"
id = "ghcr.io/michael-herwig/arcana/hex-init:latest"

[[bundle.member]]
kind = "skill"
name = "hex-loop"
id = "ghcr.io/michael-herwig/arcana/hex-loop:latest"

[[bundle.member]]
kind = "skill"
name = "hex-plan"
id = "ghcr.io/michael-herwig/arcana/hex-plan:latest"

[[bundle.member]]
kind = "skill"
name = "hex-retro"
id = "ghcr.io/michael-herwig/arcana/hex-retro:latest"

[[bundle.member]]
kind = "skill"
name = "hex-review"
id = "ghcr.io/michael-herwig/arcana/hex-review:latest"

[[bundle.member]]
kind = "rule"
name = "hex-state"
id = "ghcr.io/michael-herwig/arcana/hex-state:latest"

[[bundle]]
name = "nox"
repo = "ghcr.io/michael-herwig/arcana/nox"
tag = "latest"
pinned = "ghcr.io/michael-herwig/arcana/nox@sha256:e30deee69b61c29c6e215786900e13bdac50cd5210a9617362d35881f1087f6f"

[[bundle.member]]
kind = "skill"
name = "nox-review"
id = "ghcr.io/michael-herwig/arcana/nox-review:latest"

[[bundle]]
name = "python-essentials"
repo = "ghcr.io/ocx-sh/lore/python-essentials"
tag = "latest"
pinned = "ghcr.io/ocx-sh/lore/python-essentials@sha256:0312af6e6eed618a17b0bcb68f027b640e76596932445acb724694458b081399"

[[bundle.member]]
kind = "skill"
name = "code-docs-cleanup"
id = "ghcr.io/ocx-sh/lore/code-docs-cleanup:latest"

[[bundle.member]]
kind = "rule"
name = "code-docs"
id = "ghcr.io/ocx-sh/lore/code-docs:latest"

[[bundle.member]]
kind = "rule"
name = "python-packaging"
id = "ghcr.io/ocx-sh/lore/python-packaging:latest"

[[bundle.member]]
kind = "rule"
name = "python-quality"
id = "ghcr.io/ocx-sh/lore/python-quality:latest"

[[bundle]]
name = "rust-essentials"
repo = "ghcr.io/ocx-sh/lore/rust-essentials"
tag = "latest"
pinned = "ghcr.io/ocx-sh/lore/rust-essentials@sha256:59e4de7d30af4ab105ab3c4e1652fd2fcee00d6ab942e0090139b3aa134922f5"

[[bundle.member]]
kind = "skill"
name = "code-docs-cleanup"
id = "ghcr.io/ocx-sh/lore/code-docs-cleanup:latest"

[[bundle.member]]
kind = "rule"
name = "code-docs"
id = "ghcr.io/ocx-sh/lore/code-docs:latest"

[[bundle.member]]
kind = "rule"
name = "rust-cargo"
id = "ghcr.io/ocx-sh/lore/rust-cargo:latest"

[[bundle.member]]
kind = "rule"
name = "rust-quality"
id = "ghcr.io/ocx-sh/lore/rust-quality:latest"

[[bundle]]
name = "typescript-essentials"
repo = "ghcr.io/ocx-sh/lore/typescript-essentials"
tag = "latest"
pinned = "ghcr.io/ocx-sh/lore/typescript-essentials@sha256:1d3400ff08c87fb3283067b70e51d9383f0edb2553de73bff3fa30e9d4a3a4e5"

[[bundle.member]]
kind = "skill"
name = "code-docs-cleanup"
id = "ghcr.io/ocx-sh/lore/code-docs-cleanup:latest"

[[bundle.member]]
kind = "rule"
name = "code-docs"
id = "ghcr.io/ocx-sh/lore/code-docs:latest"

[[bundle.member]]
kind = "rule"
name = "typescript-packaging"
id = "ghcr.io/ocx-sh/lore/typescript-packaging:latest"

[[bundle.member]]
kind = "rule"
name = "typescript-quality"
id = "ghcr.io/ocx-sh/lore/typescript-quality:latest"
